// !$*UTF8*$!
{
	archiveVersion = 1;
	classes = {
	};
	objectVersion = 77;
	objects = {

/* Begin PBXContainerItemProxy section */
		FBC96E402EC791CB00FD5B5D /* PBXContainerItemProxy */ = {
			isa = PBXContainerItemProxy;
			containerPortal = FBC96E2A2EC791CA00FD5B5D /* Project object */;
			proxyType = 1;
			remoteGlobalIDString = FBC96E312EC791CA00FD5B5D;
			remoteInfo = control_navigation;
		};
		FBC96E4A2EC791CB00FD5B5D /* PBXContainerItemProxy */ = {
			isa = PBXContainerItemProxy;
			containerPortal = FBC96E2A2EC791CA00FD5B5D /* Project object */;
			proxyType = 1;
			remoteGlobalIDString = FBC96E312EC791CA00FD5B5D;
			remoteInfo = control_navigation;
		};
/* End PBXContainerItemProxy section */

/* Begin PBXFileReference section */
		FBC96E322EC791CA00FD5B5D /* control_navigation.app */ = {isa = PBXFileReference; explicitFileType = wrapper.application; includeInIndex = 0; path = control_navigation.app; sourceTree = BUILT_PRODUCTS_DIR; };
		FBC96E3F2EC791CB00FD5B5D /* control_navigationTests.xctest */ = {isa = PBXFileReference; explicitFileType = wrapper.cfbundle; includeInIndex = 0; path = control_navigationTests.xctest; sourceTree = BUILT_PRODUCTS_DIR; };
		FBC96E492EC791CB00FD5B5D /* control_navigationUITests.xctest */ = {isa = PBXFileReference; explicitFileType = wrapper.cfbundle; includeInIndex = 0; path = control_navigationUITests.xctest; sourceTree = BUILT_PRODUCTS_DIR; };
/* End PBXFileReference section */

/* Begin PBXFileSystemSynchronizedRootGroup section */
		FBC96E342EC791CA00FD5B5D /* control_navigation */ = {
			isa = PBXFileSystemSynchronizedRootGroup;
			path = control_navigation;
			sourceTree = "<group>";
		};
		FBC96E422EC791CB00FD5B5D /* control_navigationTests */ = {
			isa = PBXFileSystemSynchronizedRootGroup;
			path = control_navigationTests;
			sourceTree = "<group>";
		};
		FBC96E4C2EC791CB00FD5B5D /* control_navigationUITests */ = {
			isa = PBXFileSystemSynchronizedRootGroup;
			path = control_navigationUITests;
			sourceTree = "<group>";
		};
/* End PBXFileSystemSynchronizedRootGroup section */

/* Begin PBXFrameworksBuildPhase section */
		FBC96E2F2EC791CA00FD5B5D /* Frameworks */ = {
			isa = PBXFrameworksBuildPhase;
			buildActionMask = 2147483647;
			files = (
			);
			runOnlyForDeploymentPostprocessing = 0;
		};
		FBC96E3C2EC791CB00FD5B5D /* Frameworks */ = {
			isa = PBXFrameworksBuildPhase;
			buildActionMask = 2147483647;
			files = (
			);
			runOnlyForDeploymentPostprocessing = 0;
		};
		FBC96E462EC791CB00FD5B5D /* Frameworks */ = {
			isa = PBXFrameworksBuildPhase;
			buildActionMask = 2147483647;
			files = (
			);
			runOnlyForDeploymentPostprocessing = 0;
		};
/* End PBXFrameworksBuildPhase section */

/* Begin PBXGroup section */
		FBC96E292EC791CA00FD5B5D = {
			isa = PBXGroup;
			children = (
				FBC96E342EC791CA00FD5B5D /* control_navigation */,
				FBC96E422EC791CB00FD5B5D /* control_navigationTests */,
				FBC96E4C2EC791CB00FD5B5D /* control_navigationUITests */,
				FBC96E332EC791CA00FD5B5D /* Products */,
			);
			sourceTree = "<group>";
		};
		FBC96E332EC791CA00FD5B5D /* Products */ = {
			isa = PBXGroup;
			children = (
				FBC96E322EC791CA00FD5B5D /* control_navigation.app */,
				FBC96E3F2EC791CB00FD5B5D /* control_navigationTests.xctest */,
				FBC96E492EC791CB00FD5B5D /* control_navigationUITests.xctest */,
			);
			name = Products;
			sourceTree = "<group>";
		};
/* End PBXGroup section */

/* Begin PBXNativeTarget section */
		FBC96E312EC791CA00FD5B5D /* control_navigation */ = {
			isa = PBXNativeTarget;
			buildConfigurationList = FBC96E532EC791CB00FD5B5D /* Build configuration list for PBXNativeTarget "control_navigation" */;
			buildPhases = (
				FBC96E2E2EC791CA00FD5B5D /* Sources */,
				FBC96E2F2EC791CA00FD5B5D /* Frameworks */,
				FBC96E302EC791CA00FD5B5D /* Resources */,
			);
			buildRules = (
			);
			dependencies = (
			);
			fileSystemSynchronizedGroups = (
				FBC96E342EC791CA00FD5B5D /* control_navigation */,
			);
			name = control_navigation;
			packageProductDependencies = (
			);
			productName = control_navigation;
			productReference = FBC96E322EC791CA00FD5B5D /* control_navigation.app */;
			productType = "com.apple.product-type.application";
		};
		FBC96E3E2EC791CB00FD5B5D /* control_navigationTests */ = {
			isa = PBXNativeTarget;
			buildConfigurationList = FBC96E562EC791CB00FD5B5D /* Build configuration list for PBXNativeTarget "control_navigationTests" */;
			buildPhases = (
				FBC96E3B2EC791CB00FD5B5D /* Sources */,
				FBC96E3C2EC791CB00FD5B5D /* Frameworks */,
				FBC96E3D2EC791CB00FD5B5D /* Resources */,
			);
			buildRules = (
			);
			dependencies = (
				FBC96E412EC791CB00FD5B5D /* PBXTargetDependency */,
			);
			fileSystemSynchronizedGroups = (
				FBC96E422EC791CB00FD5B5D /* control_navigationTests */,
			);
			name = control_navigationTests;
			packageProductDependencies = (
			);
			productName = control_navigationTests;
			productReference = FBC96E3F2EC791CB00FD5B5D /* control_navigationTests.xctest */;
			productType = "com.apple.product-type.bundle.unit-test";
		};
		FBC96E482EC791CB00FD5B5D /* control_navigationUITests */ = {
			isa = PBXNativeTarget;
			buildConfigurationList = FBC96E592EC791CB00FD5B5D /* Build configuration list for PBXNativeTarget "control_navigationUITests" */;
			buildPhases = (
				FBC96E452EC791CB00FD5B5D /* Sources */,
				FBC96E462EC791CB00FD5B5D /* Frameworks */,
				FBC96E472EC791CB00FD5B5D /* Resources */,
			);
			buildRules = (
			);
			dependencies = (
				FBC96E4B2EC791CB00FD5B5D /* PBXTargetDependency */,
			);
			fileSystemSynchronizedGroups = (
				FBC96E4C2EC791CB00FD5B5D /* control_navigationUITests */,
			);
			name = control_navigationUITests;
			packageProductDependencies = (
			);
			productName = control_navigationUITests;
			productReference = FBC96E492EC791CB00FD5B5D /* control_navigationUITests.xctest */;
			productType = "com.apple.product-type.bundle.ui-testing";
		};
/* End PBXNativeTarget section */

/* Begin PBXProject section */
		FBC96E2A2EC791CA00FD5B5D /* Project object */ = {
			isa = PBXProject;
			attributes = {
				BuildIndependentTargetsInParallel = 1;
				LastSwiftUpdateCheck = 1640;
				LastUpgradeCheck = 1640;
				TargetAttributes = {
					FBC96E312EC791CA00FD5B5D = {
						CreatedOnToolsVersion = 16.4;
					};
					FBC96E3E2EC791CB00FD5B5D = {
						CreatedOnToolsVersion = 16.4;
						TestTargetID = FBC96E312EC791CA00FD5B5D;
					};
					FBC96E482EC791CB00FD5B5D = {
						CreatedOnToolsVersion = 16.4;
						TestTargetID = FBC96E312EC791CA00FD5B5D;
					};
				};
			};
			buildConfigurationList = FBC96E2D2EC791CA00FD5B5D /* Build configuration list for PBXProject "control_navigation" */;
			developmentRegion = en;
			hasScannedForEncodings = 0;
			knownRegions = (
				en,
				Base,
			);
			mainGroup = FBC96E292EC791CA00FD5B5D;
			minimizedProjectReferenceProxies = 1;
			preferredProjectObjectVersion = 77;
			productRefGroup = FBC96E332EC791CA00FD5B5D /* Products */;
			projectDirPath = "";
			projectRoot = "";
			targets = (
				FBC96E312EC791CA00FD5B5D /* control_navigation */,
				FBC96E3E2EC791CB00FD5B5D /* control_navigationTests */,
				FBC96E482EC791CB00FD5B5D /* control_navigationUITests */,
			);
		};
/* End PBXProject section */

/* Begin PBXResourcesBuildPhase section */
		FBC96E302EC791CA00FD5B5D /* Resources */ = {
			isa = PBXResourcesBuildPhase;
			buildActionMask = 2147483647;
			files = (
			);
			runOnlyForDeploymentPostprocessing = 0;
		};
		FBC96E3D2EC791CB00FD5B5D /* Resources */ = {
			isa = PBXResourcesBuildPhase;
			buildActionMask = 2147483647;
			files = (
			);
			runOnlyForDeploymentPostprocessing = 0;
		};
		FBC96E472EC791CB00FD5B5D /* Resources */ = {
			isa = PBXResourcesBuildPhase;
			buildActionMask = 2147483647;
			files = (
			);
			runOnlyForDeploymentPostprocessing = 0;
		};
/* End PBXResourcesBuildPhase section */

/* Begin PBXSourcesBuildPhase section */
		FBC96E2E2EC791CA00FD5B5D /* Sources */ = {
			isa = PBXSourcesBuildPhase;
			buildActionMask = 2147483647;
			files = (
			);
			runOnlyForDeploymentPostprocessing = 0;
		};
		FBC96E3B2EC791CB00FD5B5D /* Sources */ = {
			isa = PBXSourcesBuildPhase;
			buildActionMask = 2147483647;
			files = (
			);
			runOnlyForDeploymentPostprocessing = 0;
		};
		FBC96E452EC791CB00FD5B5D /* Sources */ = {
			isa = PBXSourcesBuildPhase;
			buildActionMask = 2147483647;
			files = (
			);
			runOnlyForDeploymentPostprocessing = 0;
		};
/* End PBXSourcesBuildPhase section */

/* Begin PBXTargetDependency section */
		FBC96E412EC791CB00FD5B5D /* PBXTargetDependency */ = {
			isa = PBXTargetDependency;
			target = FBC96E312EC791CA00FD5B5D /* control_navigation */;
			targetProxy = FBC96E402EC791CB00FD5B5D /* PBXContainerItemProxy */;
		};
		FBC96E4B2EC791CB00FD5B5D /* PBXTargetDependency */ = {
			isa = PBXTargetDependency;
			target = FBC96E312EC791CA00FD5B5D /* control_navigation */;
			targetProxy = FBC96E4A2EC791CB00FD5B5D /* PBXContainerItemProxy */;
		};
/* End PBXTargetDependency section */

/* Begin XCBuildConfiguration section */
		FBC96E512EC791CB00FD5B5D /* Debug */ = {
			isa = XCBuildConfiguration;
			buildSettings = {
				ALWAYS_SEARCH_USER_PATHS = NO;
				ASSETCATALOG_COMPILER_GENERATE_SWIFT_ASSET_SYMBOL_EXTENSIONS = YES;
				CLANG_ANALYZER_NONNULL = YES;
				CLANG_ANALYZER_NUMBER_OBJECT_CONVERSION = YES_AGGRESSIVE;
				CLANG_CXX_LANGUAGE_STANDARD = "gnu++20";
				CLANG_ENABLE_MODULES = YES;
				CLANG_ENABLE_OBJC_ARC = YES;
				CLANG_ENABLE_OBJC_WEAK = YES;
				CLANG_WARN_BLOCK_CAPTURE_AUTORELEASING = YES;
				CLANG_WARN_BOOL_CONVERSION = YES;
				CLANG_WARN_COMMA = YES;
				CLANG_WARN_CONSTANT_CONVERSION = YES;
				CLANG_WARN_DEPRECATED_OBJC_IMPLEMENTATIONS = YES;
				CLANG_WARN_DIRECT_OBJC_ISA_USAGE = YES_ERROR;
				CLANG_WARN_DOCUMENTATION_COMMENTS = YES;
				CLANG_WARN_EMPTY_BODY = YES;
				CLANG_WARN_ENUM_CONVERSION = YES;
				CLANG_WARN_INFINITE_RECURSION = YES;
				CLANG_WARN_INT_CONVERSION = YES;
				CLANG_WARN_NON_LITERAL_NULL_CONVERSION = YES;
				CLANG_WARN_OBJC_IMPLICIT_RETAIN_SELF = YES;
				CLANG_WARN_OBJC_LITERAL_CONVERSION = YES;
				CLANG_WARN_OBJC_ROOT_CLASS = YES_ERROR;
				CLANG_WARN_QUOTED_INCLUDE_IN_FRAMEWORK_HEADER = YES;
				CLANG_WARN_RANGE_LOOP_ANALYSIS = YES;
				CLANG_WARN_STRICT_PROTOTYPES = YES;
				CLANG_WARN_SUSPICIOUS_MOVE = YES;
				CLANG_WARN_UNGUARDED_AVAILABILITY = YES_AGGRESSIVE;
				CLANG_WARN_UNREACHABLE_CODE = YES;
				CLANG_WARN__DUPLICATE_METHOD_MATCH = YES;
				COPY_PHASE_STRIP = NO;
				DEBUG_INFORMATION_FORMAT = dwarf;
				ENABLE_STRICT_OBJC_MSGSEND = YES;
				ENABLE_TESTABILITY = YES;
				ENABLE_USER_SCRIPT_SANDBOXING = YES;
				GCC_C_LANGUAGE_STANDARD = gnu17;
				GCC_DYNAMIC_NO_PIC = NO;
				GCC_NO_COMMON_BLOCKS = YES;
				GCC_OPTIMIZATION_LEVEL = 0;
				GCC_PREPROCESSOR_DEFINITIONS = (
					"DEBUG=1",
					"$(inherited)",
				);
				GCC_WARN_64_TO_32_BIT_CONVERSION = YES;
				GCC_WARN_ABOUT_RETURN_TYPE = YES_ERROR;
				GCC_WARN_UNDECLARED_SELECTOR = YES;
				GCC_WARN_UNINITIALIZED_AUTOS = YES_AGGRESSIVE;
				GCC_WARN_UNUSED_FUNCTION = YES;
				GCC_WARN_UNUSED_VARIABLE = YES;
				IPHONEOS_DEPLOYMENT_TARGET = 18.5;
				LOCALIZATION_PREFERS_STRING_CATALOGS = YES;
				MTL_ENABLE_DEBUG_INFO = INCLUDE_SOURCE;
				MTL_FAST_MATH = YES;
				ONLY_ACTIVE_ARCH = YES;
				SDKROOT = iphoneos;
				SWIFT_ACTIVE_COMPILATION_CONDITIONS = "DEBUG $(inherited)";
				SWIFT_OPTIMIZATION_LEVEL = "-Onone";
			};
			name = Debug;
		};
		FBC96E522EC791CB00FD5B5D /* Release */ = {
			isa = XCBuildConfiguration;
			buildSettings = {
				ALWAYS_SEARCH_USER_PATHS = NO;
				ASSETCATALOG_COMPILER_GENERATE_SWIFT_ASSET_SYMBOL_EXTENSIONS = YES;
				CLANG_ANALYZER_NONNULL = YES;
				CLANG_ANALYZER_NUMBER_OBJECT_CONVERSION = YES_AGGRESSIVE;
				CLANG_CXX_LANGUAGE_STANDARD = "gnu++20";
				CLANG_ENABLE_MODULES = YES;
				CLANG_ENABLE_OBJC_ARC = YES;
				CLANG_ENABLE_OBJC_WEAK = YES;
				CLANG_WARN_BLOCK_CAPTURE_AUTORELEASING = YES;
				CLANG_WARN_BOOL_CONVERSION = YES;
				CLANG_WARN_COMMA = YES;
				CLANG_WARN_CONSTANT_CONVERSION = YES;
				CLANG_WARN_DEPRECATED_OBJC_IMPLEMENTATIONS = YES;
				CLANG_WARN_DIRECT_OBJC_ISA_USAGE = YES_ERROR;
				CLANG_WARN_DOCUMENTATION_COMMENTS = YES;
				CLANG_WARN_EMPTY_BODY = YES;
				CLANG_WARN_ENUM_CONVERSION = YES;
				CLANG_WARN_INFINITE_RECURSION = YES;
				CLANG_WARN_INT_CONVERSION = YES;
				CLANG_WARN_NON_LITERAL_NULL_CONVERSION = YES;
				CLANG_WARN_OBJC_IMPLICIT_RETAIN_SELF = YES;
				CLANG_WARN_OBJC_LITERAL_CONVERSION = YES;
				CLANG_WARN_OBJC_ROOT_CLASS = YES_ERROR;
				CLANG_WARN_QUOTED_INCLUDE_IN_FRAMEWORK_HEADER = YES;
				CLANG_WARN_RANGE_LOOP_ANALYSIS = YES;
				CLANG_WARN_STRICT_PROTOTYPES = YES;
				CLANG_WARN_SUSPICIOUS_MOVE = YES;
				CLANG_WARN_UNGUARDED_AVAILABILITY = YES_AGGRESSIVE;
				CLANG_WARN_UNREACHABLE_CODE = YES;
				CLANG_WARN__DUPLICATE_METHOD_MATCH = YES;
				COPY_PHASE_STRIP = NO;
				DEBUG_INFORMATION_FORMAT = "dwarf-with-dsym";
				ENABLE_NS_ASSERTIONS = NO;
				ENABLE_STRICT_OBJC_MSGSEND = YES;
				ENABLE_USER_SCRIPT_SANDBOXING = YES;
				GCC_C_LANGUAGE_STANDARD = gnu17;
				GCC_NO_COMMON_BLOCKS = YES;
				GCC_WARN_64_TO_32_BIT_CONVERSION = YES;
				GCC_WARN_ABOUT_RETURN_TYPE = YES_ERROR;
				GCC_WARN_UNDECLARED_SELECTOR = YES;
				GCC_WARN_UNINITIALIZED_AUTOS = YES_AGGRESSIVE;
				GCC_WARN_UNUSED_FUNCTION = YES;
				GCC_WARN_UNUSED_VARIABLE = YES;
				IPHONEOS_DEPLOYMENT_TARGET = 18.5;
				LOCALIZATION_PREFERS_STRING_CATALOGS = YES;
				MTL_ENABLE_DEBUG_INFO = NO;
				MTL_FAST_MATH = YES;
				SDKROOT = iphoneos;
				SWIFT_COMPILATION_MODE = wholemodule;
				VALIDATE_PRODUCT = YES;
			};
			name = Release;
		};
		FBC96E542EC791CB00FD5B5D /* Debug */ = {
			isa = XCBuildConfiguration;
			buildSettings = {
				ASSETCATALOG_COMPILER_APPICON_NAME = AppIcon;
				ASSETCATALOG_COMPILER_GLOBAL_ACCENT_COLOR_NAME = AccentColor;
				CODE_SIGN_STYLE = Automatic;
				CURRENT_PROJECT_VERSION = 1;
				ENABLE_PREVIEWS = YES;
				GENERATE_INFOPLIST_FILE = YES;
				INFOPLIST_KEY_UIApplicationSceneManifest_Generation = YES;
				INFOPLIST_KEY_UIApplicationSupportsIndirectInputEvents = YES;
				INFOPLIST_KEY_UILaunchScreen_Generation = YES;
				INFOPLIST_KEY_UISupportedInterfaceOrientations_iPad = "UIInterfaceOrientationPortrait UIInterfaceOrientationPortraitUpsideDown UIInterfaceOrientationLandscapeLeft UIInterfaceOrientationLandscapeRight";
				INFOPLIST_KEY_UISupportedInterfaceOrientations_iPhone = "UIInterfaceOrientationPortrait UIInterfaceOrientationLandscapeLeft UIInterfaceOrientationLandscapeRight";
				LD_RUNPATH_SEARCH_PATHS = (
					"$(inherited)",
					"@executable_path/Frameworks",
				);
				MARKETING_VERSION = 1.0;
				PRODUCT_BUNDLE_IDENTIFIER = "mx.alumnos.uacj.control-navigation";
				PRODUCT_NAME = "$(TARGET_NAME)";
				SWIFT_EMIT_LOC_STRINGS = YES;
				SWIFT_VERSION = 5.0;
				TARGETED_DEVICE_FAMILY = "1,2";
			};
			name = Debug;
		};
		FBC96E552EC791CB00FD5B5D /* Release */ = {
			isa = XCBuildConfiguration;
			buildSettings = {
				ASSETCATALOG_COMPILER_APPICON_NAME = AppIcon;
				ASSETCATALOG_COMPILER_GLOBAL_ACCENT_COLOR_NAME = AccentColor;
				CODE_SIGN_STYLE = Automatic;
				CURRENT_PROJECT_VERSION = 1;
				ENABLE_PREVIEWS = YES;
				GENERATE_INFOPLIST_FILE = YES;
				INFOPLIST_KEY_UIApplicationSceneManifest_Generation = YES;
				INFOPLIST_KEY_UIApplicationSupportsIndirectInputEvents = YES;
				INFOPLIST_KEY_UILaunchScreen_Generation = YES;
				INFOPLIST_KEY_UISupportedInterfaceOrientations_iPad = "UIInterfaceOrientationPortrait UIInterfaceOrientationPortraitUpsideDown UIInterfaceOrientationLandscapeLeft UIInterfaceOrientationLandscapeRight";
				INFOPLIST_KEY_UISupportedInterfaceOrientations_iPhone = "UIInterfaceOrientationPortrait UIInterfaceOrientationLandscapeLeft UIInterfaceOrientationLandscapeRight";
				LD_RUNPATH_SEARCH_PATHS = (
					"$(inherited)",
					"@executable_path/Frameworks",
				);
				MARKETING_VERSION = 1.0;
				PRODUCT_BUNDLE_IDENTIFIER = "mx.alumnos.uacj.control-navigation";
				PRODUCT_NAME = "$(TARGET_NAME)";
				SWIFT_EMIT_LOC_STRINGS = YES;
				SWIFT_VERSION = 5.0;
				TARGETED_DEVICE_FAMILY = "1,2";
			};
			name = Release;
		};
		FBC96E572EC791CB00FD5B5D /* Debug */ = {
			isa = XCBuildConfiguration;
			buildSettings = {
				BUNDLE_LOADER = "$(TEST_HOST)";
				CODE_SIGN_STYLE = Automatic;
				CURRENT_PROJECT_VERSION = 1;
				GENERATE_INFOPLIST_FILE = YES;
				IPHONEOS_DEPLOYMENT_TARGET = 18.5;
				MARKETING_VERSION = 1.0;
				PRODUCT_BUNDLE_IDENTIFIER = "mx.alumnos.uacj.control-navigationTests";
				PRODUCT_NAME = "$(TARGET_NAME)";
				SWIFT_EMIT_LOC_STRINGS = NO;
				SWIFT_VERSION = 5.0;
				TARGETED_DEVICE_FAMILY = "1,2";
				TEST_HOST = "$(BUILT_PRODUCTS_DIR)/control_navigation.app/$(BUNDLE_EXECUTABLE_FOLDER_PATH)/control_navigation";
			};
			name = Debug;
		};
		FBC96E582EC791CB00FD5B5D /* Release */ = {
			isa = XCBuildConfiguration;
			buildSettings = {
				BUNDLE_LOADER = "$(TEST_HOST)";
				CODE_SIGN_STYLE = Automatic;
				CURRENT_PROJECT_VERSION = 1;
				GENERATE_INFOPLIST_FILE = YES;
				IPHONEOS_DEPLOYMENT_TARGET = 18.5;
				MARKETING_VERSION = 1.0;
				PRODUCT_BUNDLE_IDENTIFIER = "mx.alumnos.uacj.control-navigationTests";
				PRODUCT_NAME = "$(TARGET_NAME)";
				SWIFT_EMIT_LOC_STRINGS = NO;
				SWIFT_VERSION = 5.0;
				TARGETED_DEVICE_FAMILY = "1,2";
				TEST_HOST = "$(BUILT_PRODUCTS_DIR)/control_navigation.app/$(BUNDLE_EXECUTABLE_FOLDER_PATH)/control_navigation";
			};
			name = Release;
		};
		FBC96E5A2EC791CB00FD5B5D /* Debug */ = {
			isa = XCBuildConfiguration;
			buildSettings = {
				CODE_SIGN_STYLE = Automatic;
				CURRENT_PROJECT_VERSION = 1;
				GENERATE_INFOPLIST_FILE = YES;
				MARKETING_VERSION = 1.0;
				PRODUCT_BUNDLE_IDENTIFIER = "mx.alumnos.uacj.control-navigationUITests";
				PRODUCT_NAME = "$(TARGET_NAME)";
				SWIFT_EMIT_LOC_STRINGS = NO;
				SWIFT_VERSION = 5.0;
				TARGETED_DEVICE_FAMILY = "1,2";
				TEST_TARGET_NAME = control_navigation;
			};
			name = Debug;
		};
		FBC96E5B2EC791CB00FD5B5D /* Release */ = {
			isa = XCBuildConfiguration;
			buildSettings = {
				CODE_SIGN_STYLE = Automatic;
				CURRENT_PROJECT_VERSION = 1;
				GENERATE_INFOPLIST_FILE = YES;
				MARKETING_VERSION = 1.0;
				PRODUCT_BUNDLE_IDENTIFIER = "mx.alumnos.uacj.control-navigationUITests";
				PRODUCT_NAME = "$(TARGET_NAME)";
				SWIFT_EMIT_LOC_STRINGS = NO;
				SWIFT_VERSION = 5.0;
				TARGETED_DEVICE_FAMILY = "1,2";
				TEST_TARGET_NAME = control_navigation;
			};
			name = Release;
		};
/* End XCBuildConfiguration section */

/* Begin XCConfigurationList section */
		FBC96E2D2EC791CA00FD5B5D /* Build configuration list for PBXProject "control_navigation" */ = {
			isa = XCConfigurationList;
			buildConfigurations = (
				FBC96E512EC791CB00FD5B5D /* Debug */,
				FBC96E522EC791CB00FD5B5D /* Release */,
			);
			defaultConfigurationIsVisible = 0;
			defaultConfigurationName = Release;
		};
		FBC96E532EC791CB00FD5B5D /* Build configuration list for PBXNativeTarget "control_navigation" */ = {
			isa = XCConfigurationList;
			buildConfigurations = (
				FBC96E542EC791CB00FD5B5D /* Debug */,
				FBC96E552EC791CB00FD5B5D /* Release */,
			);
			defaultConfigurationIsVisible = 0;
			defaultConfigurationName = Release;
		};
		FBC96E562EC791CB00FD5B5D /* Build configuration list for PBXNativeTarget "control_navigationTests" */ = {
			isa = XCConfigurationList;
			buildConfigurations = (
				FBC96E572EC791CB00FD5B5D /* Debug */,
				FBC96E582EC791CB00FD5B5D /* Release */,
			);
			defaultConfigurationIsVisible = 0;
			defaultConfigurationName = Release;
		};
		FBC96E592EC791CB00FD5B5D /* Build configuration list for PBXNativeTarget "control_navigationUITests" */ = {
			isa = XCConfigurationList;
			buildConfigurations = (
				FBC96E5A2EC791CB00FD5B5D /* Debug */,
				FBC96E5B2EC791CB00FD5B5D /* Release */,
			);
			defaultConfigurationIsVisible = 0;
			defaultConfigurationName = Release;
		};
/* End XCConfigurationList section */
	};
	rootObject = FBC96E2A2EC791CA00FD5B5D /* Project object */;
}
